{
  "name": "datarizen",
  "version": "0.0.1",
  "lockfileVersion": 3,
  "requires": true,
  "packages": {
    "": {
      "name": "datarizen",
      "version": "0.0.1",
      "devDependencies": {
        "pnpm": "^9.0.0"
      }
    },
    "node_modules/pnpm": {
      "version": "9.15.9",
      "resolved": "https://registry.npmjs.org/pnpm/-/pnpm-9.15.9.tgz",
      "integrity": "sha512-aARhQYk8ZvrQHAeSMRKOmvuJ74fiaR1p5NQO7iKJiClf1GghgbrlW1hBjDolO95lpQXsfF+UA+zlzDzTfc8lMQ==",
      "dev": true,
      "license": "MIT",
      "bin": {
        "pnpm": "bin/pnpm.cjs",
        "pnpx": "bin/pnpx.cjs"
      },
      "engines": {
        "node": ">=18.12"
      },
      "funding": {
        "url": "https://opencollective.com/pnpm"
      }
    }
  }
}
